
Microsoft Visual Studio Solution File, Format Version 12.00
# Visual Studio Version 17
VisualStudioVersion = 17.10.35027.167
MinimumVisualStudioVersion = 10.0.40219.1
Project("{FAE04EC0-301F-11D3-BF4B-00C04F79EFBC}") = "PRISM.API", "PRISM.API\PRISM.API.csproj", "{2618C2F2-F8BA-4255-8C11-2B047596A49E}"
EndProject
Global
	GlobalSection(SolutionConfigurationPlatforms) = preSolution
		Debug|Any CPU = Debug|Any CPU
		Release|Any CPU = Release|Any CPU
	EndGlobalSection
	GlobalSection(ProjectConfigurationPlatforms) = postSolution
		{2618C2F2-F8BA-4255-8C11-2B047596A49E}.Debug|Any CPU.ActiveCfg = Debug|Any CPU
		{2618C2F2-F8BA-4255-8C11-2B047596A49E}.Debug|Any CPU.Build.0 = Debug|Any CPU
		{2618C2F2-F8BA-4255-8C11-2B047596A49E}.Release|Any CPU.ActiveCfg = Release|Any CPU
		{2618C2F2-F8BA-4255-8C11-2B047596A49E}.Release|Any CPU.Build.0 = Release|Any CPU
	EndGlobalSection
	GlobalSection(SolutionProperties) = preSolution
		HideSolutionNode = FALSE
	EndGlobalSection
	GlobalSection(ExtensibilityGlobals) = postSolution
		SolutionGuid = {CFDB351D-CDF3-4386-A22C-3EC14B4205BC}
	EndGlobalSection
EndGlobal
